Microsoft Visual Studio Solution File, Format Version 12.00
# Visual Studio 15
VisualStudioVersion = 15.0.26430.12
MinimumVisualStudioVersion = 15.0.26124.0
Project("{9A19103F-16F7-4668-BE54-9A1E7A4F7556}") = "IdentityServer", "IdentityServer\IdentityServer.csproj", "{2910E87A-E0C2-42C0-9AE3-657D64ED62DF}"
EndProject
Project("{9A19103F-16F7-4668-BE54-9A1E7A4F7556}") = "Api", "Api\Api.csproj", "{568F2EDA-55AD-49FE-B5AE-05BB86FA6810}"
EndProject
Project("{9A19103F-16F7-4668-BE54-9A1E7A4F7556}") = "Client", "Client\Client.csproj", "{1B9BB8E3-54F3-4302-BADE-C1D6D321F5FE}"
EndProject
Project("{9A19103F-16F7-4668-BE54-9A1E7A4F7556}") = "MvcClient", "MvcClient\MvcClient.csproj", "{A432E49E-EBA8-4CEC-A2DA-12C255B1230D}"
EndProject
Project("{FAE04EC0-301F-11D3-BF4B-00C04F79EFBC}") = "IdentityServerWithAspNetIdentity", "IdentityServerWithAspNetIdentity\IdentityServerWithAspNetIdentity.csproj", "{4C62DE30-9222-4490-A859-C37B623B5EC5}"
EndProject
Global
	GlobalSection(SolutionConfigurationPlatforms) = preSolution
		Debug|Any CPU = Debug|Any CPU
		Debug|x64 = Debug|x64
		Debug|x86 = Debug|x86
		Release|Any CPU = Release|Any CPU
		Release|x64 = Release|x64
		Release|x86 = Release|x86
	EndGlobalSection
	GlobalSection(ProjectConfigurationPlatforms) = postSolution
		{2910E87A-E0C2-42C0-9AE3-657D64ED62DF}.Debug|Any CPU.ActiveCfg = Debug|Any CPU
		{2910E87A-E0C2-42C0-9AE3-657D64ED62DF}.Debug|Any CPU.Build.0 = Debug|Any CPU
		{2910E87A-E0C2-42C0-9AE3-657D64ED62DF}.Debug|x64.ActiveCfg = Debug|Any CPU
		{2910E87A-E0C2-42C0-9AE3-657D64ED62DF}.Debug|x64.Build.0 = Debug|Any CPU
		{2910E87A-E0C2-42C0-9AE3-657D64ED62DF}.Debug|x86.ActiveCfg = Debug|Any CPU
		{2910E87A-E0C2-42C0-9AE3-657D64ED62DF}.Debug|x86.Build.0 = Debug|Any CPU
		{2910E87A-E0C2-42C0-9AE3-657D64ED62DF}.Release|Any CPU.ActiveCfg = Release|Any CPU
		{2910E87A-E0C2-42C0-9AE3-657D64ED62DF}.Release|Any CPU.Build.0 = Release|Any CPU
		{2910E87A-E0C2-42C0-9AE3-657D64ED62DF}.Release|x64.ActiveCfg = Release|Any CPU
		{2910E87A-E0C2-42C0-9AE3-657D64ED62DF}.Release|x64.Build.0 = Release|Any CPU
		{2910E87A-E0C2-42C0-9AE3-657D64ED62DF}.Release|x86.ActiveCfg = Release|Any CPU
		{2910E87A-E0C2-42C0-9AE3-657D64ED62DF}.Release|x86.Build.0 = Release|Any CPU
		{568F2EDA-55AD-49FE-B5AE-05BB86FA6810}.Debug|Any CPU.ActiveCfg = Debug|Any CPU
		{568F2EDA-55AD-49FE-B5AE-05BB86FA6810}.Debug|Any CPU.Build.0 = Debug|Any CPU
		{568F2EDA-55AD-49FE-B5AE-05BB86FA6810}.Debug|x64.ActiveCfg = Debug|Any CPU
		{568F2EDA-55AD-49FE-B5AE-05BB86FA6810}.Debug|x64.Build.0 = Debug|Any CPU
		{568F2EDA-55AD-49FE-B5AE-05BB86FA6810}.Debug|x86.ActiveCfg = Debug|Any CPU
		{568F2EDA-55AD-49FE-B5AE-05BB86FA6810}.Debug|x86.Build.0 = Debug|Any CPU
		{568F2EDA-55AD-49FE-B5AE-05BB86FA6810}.Release|Any CPU.ActiveCfg = Release|Any CPU
		{568F2EDA-55AD-49FE-B5AE-05BB86FA6810}.Release|Any CPU.Build.0 = Release|Any CPU
		{568F2EDA-55AD-49FE-B5AE-05BB86FA6810}.Release|x64.ActiveCfg = Release|Any CPU
		{568F2EDA-55AD-49FE-B5AE-05BB86FA6810}.Release|x64.Build.0 = Release|Any CPU
		{568F2EDA-55AD-49FE-B5AE-05BB86FA6810}.Release|x86.ActiveCfg = Release|Any CPU
		{568F2EDA-55AD-49FE-B5AE-05BB86FA6810}.Release|x86.Build.0 = Release|Any CPU
		{1B9BB8E3-54F3-4302-BADE-C1D6D321F5FE}.Debug|Any CPU.ActiveCfg = Debug|Any CPU
		{1B9BB8E3-54F3-4302-BADE-C1D6D321F5FE}.Debug|Any CPU.Build.0 = Debug|Any CPU
		{1B9BB8E3-54F3-4302-BADE-C1D6D321F5FE}.Debug|x64.ActiveCfg = Debug|Any CPU
		{1B9BB8E3-54F3-4302-BADE-C1D6D321F5FE}.Debug|x64.Build.0 = Debug|Any CPU
		{1B9BB8E3-54F3-4302-BADE-C1D6D321F5FE}.Debug|x86.ActiveCfg = Debug|Any CPU
		{1B9BB8E3-54F3-4302-BADE-C1D6D321F5FE}.Debug|x86.Build.0 = Debug|Any CPU
		{1B9BB8E3-54F3-4302-BADE-C1D6D321F5FE}.Release|Any CPU.ActiveCfg = Release|Any CPU
		{1B9BB8E3-54F3-4302-BADE-C1D6D321F5FE}.Release|Any CPU.Build.0 = Release|Any CPU
		{1B9BB8E3-54F3-4302-BADE-C1D6D321F5FE}.Release|x64.ActiveCfg = Release|Any CPU
		{1B9BB8E3-54F3-4302-BADE-C1D6D321F5FE}.Release|x64.Build.0 = Release|Any CPU
		{1B9BB8E3-54F3-4302-BADE-C1D6D321F5FE}.Release|x86.ActiveCfg = Release|Any CPU
		{1B9BB8E3-54F3-4302-BADE-C1D6D321F5FE}.Release|x86.Build.0 = Release|Any CPU
		{A432E49E-EBA8-4CEC-A2DA-12C255B1230D}.Debug|Any CPU.ActiveCfg = Debug|Any CPU
		{A432E49E-EBA8-4CEC-A2DA-12C255B1230D}.Debug|Any CPU.Build.0 = Debug|Any CPU
		{A432E49E-EBA8-4CEC-A2DA-12C255B1230D}.Debug|x64.ActiveCfg = Debug|Any CPU
		{A432E49E-EBA8-4CEC-A2DA-12C255B1230D}.Debug|x64.Build.0 = Debug|Any CPU
		{A432E49E-EBA8-4CEC-A2DA-12C255B1230D}.Debug|x86.ActiveCfg = Debug|Any CPU
		{A432E49E-EBA8-4CEC-A2DA-12C255B1230D}.Debug|x86.Build.0 = Debug|Any CPU
		{A432E49E-EBA8-4CEC-A2DA-12C255B1230D}.Release|Any CPU.ActiveCfg = Release|Any CPU
		{A432E49E-EBA8-4CEC-A2DA-12C255B1230D}.Release|Any CPU.Build.0 = Release|Any CPU
		{A432E49E-EBA8-4CEC-A2DA-12C255B1230D}.Release|x64.ActiveCfg = Release|Any CPU
		{A432E49E-EBA8-4CEC-A2DA-12C255B1230D}.Release|x64.Build.0 = Release|Any CPU
		{A432E49E-EBA8-4CEC-A2DA-12C255B1230D}.Release|x86.ActiveCfg = Release|Any CPU
		{A432E49E-EBA8-4CEC-A2DA-12C255B1230D}.Release|x86.Build.0 = Release|Any CPU
		{4C62DE30-9222-4490-A859-C37B623B5EC5}.Debug|Any CPU.ActiveCfg = Debug|Any CPU
		{4C62DE30-9222-4490-A859-C37B623B5EC5}.Debug|Any CPU.Build.0 = Debug|Any CPU
		{4C62DE30-9222-4490-A859-C37B623B5EC5}.Debug|x64.ActiveCfg = Debug|Any CPU
		{4C62DE30-9222-4490-A859-C37B623B5EC5}.Debug|x64.Build.0 = Debug|Any CPU
		{4C62DE30-9222-4490-A859-C37B623B5EC5}.Debug|x86.ActiveCfg = Debug|Any CPU
		{4C62DE30-9222-4490-A859-C37B623B5EC5}.Debug|x86.Build.0 = Debug|Any CPU
		{4C62DE30-9222-4490-A859-C37B623B5EC5}.Release|Any CPU.ActiveCfg = Release|Any CPU
		{4C62DE30-9222-4490-A859-C37B623B5EC5}.Release|Any CPU.Build.0 = Release|Any CPU
		{4C62DE30-9222-4490-A859-C37B623B5EC5}.Release|x64.ActiveCfg = Release|Any CPU
		{4C62DE30-9222-4490-A859-C37B623B5EC5}.Release|x64.Build.0 = Release|Any CPU
		{4C62DE30-9222-4490-A859-C37B623B5EC5}.Release|x86.ActiveCfg = Release|Any CPU
		{4C62DE30-9222-4490-A859-C37B623B5EC5}.Release|x86.Build.0 = Release|Any CPU
	EndGlobalSection
	GlobalSection(SolutionProperties) = preSolution
		HideSolutionNode = FALSE
	EndGlobalSection
EndGlobal
